
Microsoft Visual Studio Solution File, Format Version 12.00
# Visual Studio 15
VisualStudioVersion = 15.0.27428.2015
MinimumVisualStudioVersion = 10.0.40219.1
Project("{FAE04EC0-301F-11D3-BF4B-00C04F79EFBC}") = "WebApplication1", "WebApplication1\WebApplication1.csproj", "{DA3973D0-6AD1-4973-8594-B2AEF17F46E6}"
EndProject
Project("{FAE04EC0-301F-11D3-BF4B-00C04F79EFBC}") = "WebApiTest", "WebApiTest\WebApiTest.csproj", "{82BE2118-80D2-4222-8C2B-B3D1266D56D8}"
EndProject
Project("{FAE04EC0-301F-11D3-BF4B-00C04F79EFBC}") = "TestApplication1", "TestApplication1\TestApplication1.csproj", "{2AE6F163-0980-4DB7-96FA-E3CA7CC6A7C2}"
EndProject
Project("{FAE04EC0-301F-11D3-BF4B-00C04F79EFBC}") = "WebApplication2", "WebApplication2\WebApplication2.csproj", "{E4A2A6D9-CA50-4FF1-A4AA-1327B2E007FA}"
EndProject
Project("{FAE04EC0-301F-11D3-BF4B-00C04F79EFBC}") = "TestApplication2", "TestApplication2\TestApplication2.csproj", "{A547DDE6-BF98-4925-BBBD-C9D66C805AE5}"
EndProject
Project("{FAE04EC0-301F-11D3-BF4B-00C04F79EFBC}") = "SignalRChat", "SignalRChat\SignalRChat.csproj", "{45D84D88-4C0C-4EE2-B079-ED1F456B9116}"
EndProject
Global
	GlobalSection(SolutionConfigurationPlatforms) = preSolution
		Debug|Any CPU = Debug|Any CPU
		Release|Any CPU = Release|Any CPU
	EndGlobalSection
	GlobalSection(ProjectConfigurationPlatforms) = postSolution
		{DA3973D0-6AD1-4973-8594-B2AEF17F46E6}.Debug|Any CPU.ActiveCfg = Debug|Any CPU
		{DA3973D0-6AD1-4973-8594-B2AEF17F46E6}.Debug|Any CPU.Build.0 = Debug|Any CPU
		{DA3973D0-6AD1-4973-8594-B2AEF17F46E6}.Release|Any CPU.ActiveCfg = Release|Any CPU
		{DA3973D0-6AD1-4973-8594-B2AEF17F46E6}.Release|Any CPU.Build.0 = Release|Any CPU
		{82BE2118-80D2-4222-8C2B-B3D1266D56D8}.Debug|Any CPU.ActiveCfg = Debug|Any CPU
		{82BE2118-80D2-4222-8C2B-B3D1266D56D8}.Debug|Any CPU.Build.0 = Debug|Any CPU
		{82BE2118-80D2-4222-8C2B-B3D1266D56D8}.Release|Any CPU.ActiveCfg = Release|Any CPU
		{82BE2118-80D2-4222-8C2B-B3D1266D56D8}.Release|Any CPU.Build.0 = Release|Any CPU
		{2AE6F163-0980-4DB7-96FA-E3CA7CC6A7C2}.Debug|Any CPU.ActiveCfg = Debug|Any CPU
		{2AE6F163-0980-4DB7-96FA-E3CA7CC6A7C2}.Debug|Any CPU.Build.0 = Debug|Any CPU
		{2AE6F163-0980-4DB7-96FA-E3CA7CC6A7C2}.Release|Any CPU.ActiveCfg = Release|Any CPU
		{2AE6F163-0980-4DB7-96FA-E3CA7CC6A7C2}.Release|Any CPU.Build.0 = Release|Any CPU
		{E4A2A6D9-CA50-4FF1-A4AA-1327B2E007FA}.Debug|Any CPU.ActiveCfg = Debug|Any CPU
		{E4A2A6D9-CA50-4FF1-A4AA-1327B2E007FA}.Debug|Any CPU.Build.0 = Debug|Any CPU
		{E4A2A6D9-CA50-4FF1-A4AA-1327B2E007FA}.Release|Any CPU.ActiveCfg = Release|Any CPU
		{E4A2A6D9-CA50-4FF1-A4AA-1327B2E007FA}.Release|Any CPU.Build.0 = Release|Any CPU
		{A547DDE6-BF98-4925-BBBD-C9D66C805AE5}.Debug|Any CPU.ActiveCfg = Debug|Any CPU
		{A547DDE6-BF98-4925-BBBD-C9D66C805AE5}.Debug|Any CPU.Build.0 = Debug|Any CPU
		{A547DDE6-BF98-4925-BBBD-C9D66C805AE5}.Release|Any CPU.ActiveCfg = Release|Any CPU
		{A547DDE6-BF98-4925-BBBD-C9D66C805AE5}.Release|Any CPU.Build.0 = Release|Any CPU
		{45D84D88-4C0C-4EE2-B079-ED1F456B9116}.Debug|Any CPU.ActiveCfg = Debug|Any CPU
		{45D84D88-4C0C-4EE2-B079-ED1F456B9116}.Debug|Any CPU.Build.0 = Debug|Any CPU
		{45D84D88-4C0C-4EE2-B079-ED1F456B9116}.Release|Any CPU.ActiveCfg = Release|Any CPU
		{45D84D88-4C0C-4EE2-B079-ED1F456B9116}.Release|Any CPU.Build.0 = Release|Any CPU
	EndGlobalSection
	GlobalSection(SolutionProperties) = preSolution
		HideSolutionNode = FALSE
	EndGlobalSection
	GlobalSection(ExtensibilityGlobals) = postSolution
		SolutionGuid = {397E8976-8377-4291-B1A7-E9A149F396EC}
	EndGlobalSection
EndGlobal
